<?xml version="1.0" encoding="utf-8"?>
<Project ToolsVersion="4.0" xmlns="http://schemas.microsoft.com/developer/msbuild/2003">
  <ItemGroup>
    <Filter Include="Source Files">
      <UniqueIdentifier>{4FC737F1-C7A5-4376-A066-2A32D752A2FF}</UniqueIdentifier>
      <Extensions>cpp;c;cc;cxx;c++;cppm;ixx;def;odl;idl;hpj;bat;asm;asmx</Extensions>
    </Filter>
    <Filter Include="Header Files">
      <UniqueIdentifier>{93995380-89BD-4b04-88EB-625FBE52EBFB}</UniqueIdentifier>
      <Extensions>h;hh;hpp;hxx;h++;hm;inl;inc;ipp;xsd</Extensions>
    </Filter>
    <Filter Include="Resource Files">
      <UniqueIdentifier>{67DA6AB6-F800-4c08-8B7A-83BB121AAD01}</UniqueIdentifier>
      <Extensions>rc;ico;cur;bmp;dlg;rc2;rct;bin;rgs;gif;jpg;jpeg;jpe;resx;tiff;tif;png;wav;mfcribbon-ms</Extensions>
    </Filter>
  </ItemGroup>
  <ItemGroup>
    <ClInclude Include="include\GLFW\glfw3.h">
      <Filter>Header Files</Filter>
    </ClInclude>
    <ClInclude Include="include\GLFW\glfw3native.h">
      <Filter>Header Files</Filter>
    </ClInclude>
    <ClInclude Include="include\imgui\imconfig.h">
      <Filter>Header Files</Filter>
    </ClInclude>
    <ClInclude Include="include\imgui\imgui.h">
      <Filter>Header Files</Filter>
    </ClInclude>
    <ClInclude Include="include\imgui\imgui_impl_glfw.h">
      <Filter>Header Files</Filter>
    </ClInclude>
    <ClInclude Include="include\imgui\imgui_impl_opengl3.h">
      <Filter>Header Files</Filter>
    </ClInclude>
    <ClInclude Include="include\imgui\imgui_impl_opengl3_loader.h">
      <Filter>Header Files</Filter>
    </ClInclude>
    <ClInclude Include="include\imgui\imgui_internal.h">
      <Filter>Header Files</Filter>
    </ClInclude>
    <ClInclude Include="include\imgui\imgui_stdlib.h">
      <Filter>Header Files</Filter>
    </ClInclude>
    <ClInclude Include="include\imgui\imstb_rectpack.h">
      <Filter>Header Files</Filter>
    </ClInclude>
    <ClInclude Include="include\imgui\imstb_textedit.h">
      <Filter>Header Files</Filter>
    </ClInclude>
    <ClInclude Include="include\imgui\imstb_truetype.h">
      <Filter>Header Files</Filter>
    </ClInclude>
    <ClInclude Include="include\stb_image\stbi_image.h">
      <Filter>Header Files</Filter>
    </ClInclude>
    <ClInclude Include="include\simplegui\Image.h">
      <Filter>Header Files</Filter>
    </ClInclude>
    <ClInclude Include="include\simplegui\Item.h">
      <Filter>Header Files</Filter>
    </ClInclude>
    <ClInclude Include="include\simplegui\Rectangle.h">
      <Filter>Header Files</Filter>
    </ClInclude>
    <ClInclude Include="include\simplegui\SimpleGUI.h">
      <Filter>Header Files</Filter>
    </ClInclude>
    <ClInclude Include="include\simpleprofiler\Profiler.h">
      <Filter>Header Files</Filter>
    </ClInclude>
    <ClInclude Include="include\simpletext\SimpleText.h">
      <Filter>Header Files</Filter>
    </ClInclude>
    <ClInclude Include="include\Root\shaders\AbstractShader.h">
      <Filter>Header Files</Filter>
    </ClInclude>
    <ClInclude Include="include\Root\shaders\ComputeShader.h">
      <Filter>Header Files</Filter>
    </ClInclude>
    <ClInclude Include="include\Root\shaders\Shader.h">
      <Filter>Header Files</Filter>
    </ClInclude>
    <ClInclude Include="include\Root\Logger.h">
      <Filter>Header Files</Filter>
    </ClInclude>
    <ClInclude Include="include\Root\Transform.h">
      <Filter>Header Files</Filter>
    </ClInclude>
    <ClInclude Include="include\Root\components\Component.h">
      <Filter>Header Files</Filter>
    </ClInclude>
    <ClInclude Include="include\Root\components\Script.h">
      <Filter>Header Files</Filter>
    </ClInclude>
    <ClInclude Include="include\Root\Root.h">
      <Filter>Header Files</Filter>
    </ClInclude>
    <ClInclude Include="include\Root\Time.h">
      <Filter>Header Files</Filter>
    </ClInclude>
    <ClInclude Include="src\ScriptLoader.h">
      <Filter>Header Files</Filter>
    </ClInclude>
    <ClInclude Include="src\scripts\MyScript.h">
      <Filter>Header Files</Filter>
    </ClInclude>
    <ClInclude Include="include\Root\rendering\SpriteRenderer.h">
      <Filter>Header Files</Filter>
    </ClInclude>
    <ClInclude Include="src\scripts\MyComponentScript.h">
      <Filter>Header Files</Filter>
    </ClInclude>
    <ClInclude Include="include\Root\rendering\Renderer.h">
      <Filter>Header Files</Filter>
    </ClInclude>
    <ClInclude Include="include\stbi_utility\TextureData.h">
      <Filter>Header Files</Filter>
    </ClInclude>
    <ClInclude Include="include\Root\rendering\Camera.h">
      <Filter>Header Files</Filter>
    </ClInclude>
    <ClInclude Include="include\Root\engine\RootEngine.h">
      <Filter>Header Files</Filter>
    </ClInclude>
    <ClInclude Include="include\Root\Input.h">
      <Filter>Header Files</Filter>
    </ClInclude>
    <ClInclude Include="include\Root\engine\InputEngine.h">
      <Filter>Header Files</Filter>
    </ClInclude>
    <ClInclude Include="include\box2d\b2_api.h">
      <Filter>Header Files</Filter>
    </ClInclude>
    <ClInclude Include="include\box2d\b2_block_allocator.h">
      <Filter>Header Files</Filter>
    </ClInclude>
    <ClInclude Include="include\box2d\b2_body.h">
      <Filter>Header Files</Filter>
    </ClInclude>
    <ClInclude Include="include\box2d\b2_broad_phase.h">
      <Filter>Header Files</Filter>
    </ClInclude>
    <ClInclude Include="include\box2d\b2_chain_shape.h">
      <Filter>Header Files</Filter>
    </ClInclude>
    <ClInclude Include="include\box2d\b2_circle_shape.h">
      <Filter>Header Files</Filter>
    </ClInclude>
    <ClInclude Include="include\box2d\b2_collision.h">
      <Filter>Header Files</Filter>
    </ClInclude>
    <ClInclude Include="include\box2d\b2_common.h">
      <Filter>Header Files</Filter>
    </ClInclude>
    <ClInclude Include="include\box2d\b2_contact.h">
      <Filter>Header Files</Filter>
    </ClInclude>
    <ClInclude Include="include\box2d\b2_contact_manager.h">
      <Filter>Header Files</Filter>
    </ClInclude>
    <ClInclude Include="include\box2d\b2_distance.h">
      <Filter>Header Files</Filter>
    </ClInclude>
    <ClInclude Include="include\box2d\b2_distance_joint.h">
      <Filter>Header Files</Filter>
    </ClInclude>
    <ClInclude Include="include\box2d\b2_draw.h">
      <Filter>Header Files</Filter>
    </ClInclude>
    <ClInclude Include="include\box2d\b2_dynamic_tree.h">
      <Filter>Header Files</Filter>
    </ClInclude>
    <ClInclude Include="include\box2d\b2_edge_shape.h">
      <Filter>Header Files</Filter>
    </ClInclude>
    <ClInclude Include="include\box2d\b2_fixture.h">
      <Filter>Header Files</Filter>
    </ClInclude>
    <ClInclude Include="include\box2d\b2_friction_joint.h">
      <Filter>Header Files</Filter>
    </ClInclude>
    <ClInclude Include="include\box2d\b2_gear_joint.h">
      <Filter>Header Files</Filter>
    </ClInclude>
    <ClInclude Include="include\box2d\b2_growable_stack.h">
      <Filter>Header Files</Filter>
    </ClInclude>
    <ClInclude Include="include\box2d\b2_joint.h">
      <Filter>Header Files</Filter>
    </ClInclude>
    <ClInclude Include="include\box2d\b2_math.h">
      <Filter>Header Files</Filter>
    </ClInclude>
    <ClInclude Include="include\box2d\b2_motor_joint.h">
      <Filter>Header Files</Filter>
    </ClInclude>
    <ClInclude Include="include\box2d\b2_mouse_joint.h">
      <Filter>Header Files</Filter>
    </ClInclude>
    <ClInclude Include="include\box2d\b2_polygon_shape.h">
      <Filter>Header Files</Filter>
    </ClInclude>
    <ClInclude Include="include\box2d\b2_prismatic_joint.h">
      <Filter>Header Files</Filter>
    </ClInclude>
    <ClInclude Include="include\box2d\b2_pulley_joint.h">
      <Filter>Header Files</Filter>
    </ClInclude>
    <ClInclude Include="include\box2d\b2_revolute_joint.h">
      <Filter>Header Files</Filter>
    </ClInclude>
    <ClInclude Include="include\box2d\b2_rope.h">
      <Filter>Header Files</Filter>
    </ClInclude>
    <ClInclude Include="include\box2d\b2_settings.h">
      <Filter>Header Files</Filter>
    </ClInclude>
    <ClInclude Include="include\box2d\b2_shape.h">
      <Filter>Header Files</Filter>
    </ClInclude>
    <ClInclude Include="include\box2d\b2_stack_allocator.h">
      <Filter>Header Files</Filter>
    </ClInclude>
    <ClInclude Include="include\box2d\b2_time_of_impact.h">
      <Filter>Header Files</Filter>
    </ClInclude>
    <ClInclude Include="include\box2d\b2_time_step.h">
      <Filter>Header Files</Filter>
    </ClInclude>
    <ClInclude Include="include\box2d\b2_timer.h">
      <Filter>Header Files</Filter>
    </ClInclude>
    <ClInclude Include="include\box2d\b2_types.h">
      <Filter>Header Files</Filter>
    </ClInclude>
    <ClInclude Include="include\box2d\b2_weld_joint.h">
      <Filter>Header Files</Filter>
    </ClInclude>
    <ClInclude Include="include\box2d\b2_wheel_joint.h">
      <Filter>Header Files</Filter>
    </ClInclude>
    <ClInclude Include="include\box2d\b2_world.h">
      <Filter>Header Files</Filter>
    </ClInclude>
    <ClInclude Include="include\box2d\b2_world_callbacks.h">
      <Filter>Header Files</Filter>
    </ClInclude>
    <ClInclude Include="include\box2d\box2d.h">
      <Filter>Header Files</Filter>
    </ClInclude>
    <ClInclude Include="include\Root\components\Collider.h">
      <Filter>Header Files</Filter>
    </ClInclude>
    <ClInclude Include="include\Root\Physics.h">
      <Filter>Header Files</Filter>
    </ClInclude>
    <ClInclude Include="include\Root\engine\PhysicsEngine.h">
      <Filter>Header Files</Filter>
    </ClInclude>
    <ClInclude Include="include\Root\components\Rigidbody.h">
      <Filter>Header Files</Filter>
    </ClInclude>
    <ClInclude Include="include\Root\components\Animator.h">
      <Filter>Header Files</Filter>
    </ClInclude>
    <ClInclude Include="include\Root\engine\TransformEngine.h">
      <Filter>Header Files</Filter>
    </ClInclude>
    <ClInclude Include="include\Root\engine\ComponentEngine.h">
      <Filter>Header Files</Filter>
    </ClInclude>
    <ClInclude Include="include\Root\components\ParticleSystem.h">
      <Filter>Header Files</Filter>
    </ClInclude>
    <ClInclude Include="include\Root\Components.h">
      <Filter>Header Files</Filter>
    </ClInclude>
    <ClInclude Include="include\Root\Gradient.h">
      <Filter>Header Files</Filter>
    </ClInclude>
    <ClInclude Include="Random.h">
      <Filter>Header Files</Filter>
    </ClInclude>
  </ItemGroup>
  <ItemGroup>
    <ClCompile Include="include\imgui\imgui.cpp">
      <Filter>Source Files</Filter>
    </ClCompile>
    <ClCompile Include="include\imgui\imgui_demo.cpp">
      <Filter>Source Files</Filter>
    </ClCompile>
    <ClCompile Include="include\imgui\imgui_draw.cpp">
      <Filter>Source Files</Filter>
    </ClCompile>
    <ClCompile Include="include\imgui\imgui_impl_glfw.cpp">
      <Filter>Source Files</Filter>
    </ClCompile>
    <ClCompile Include="include\imgui\imgui_impl_opengl3.cpp">
      <Filter>Source Files</Filter>
    </ClCompile>
    <ClCompile Include="include\imgui\imgui_stdlib.cpp">
      <Filter>Source Files</Filter>
    </ClCompile>
    <ClCompile Include="include\imgui\imgui_tables.cpp">
      <Filter>Source Files</Filter>
    </ClCompile>
    <ClCompile Include="include\imgui\imgui_widgets.cpp">
      <Filter>Source Files</Filter>
    </ClCompile>
    <ClCompile Include="include\simplegui\Image.cpp">
      <Filter>Source Files</Filter>
    </ClCompile>
    <ClCompile Include="include\simplegui\Item.cpp">
      <Filter>Source Files</Filter>
    </ClCompile>
    <ClCompile Include="include\simplegui\Rectangle.cpp">
      <Filter>Source Files</Filter>
    </ClCompile>
    <ClCompile Include="include\simplegui\SimpleGUI.cpp">
      <Filter>Source Files</Filter>
    </ClCompile>
    <ClCompile Include="include\simpleprofiler\Profiler.cpp">
      <Filter>Source Files</Filter>
    </ClCompile>
    <ClCompile Include="include\simpletext\SimpleText.cpp">
      <Filter>Source Files</Filter>
    </ClCompile>
    <ClCompile Include="src\main.cpp">
      <Filter>Source Files</Filter>
    </ClCompile>
    <ClCompile Include="src\glad.c">
      <Filter>Source Files</Filter>
    </ClCompile>
    <ClCompile Include="include\Root\shaders\AbstractShader.cpp">
      <Filter>Source Files</Filter>
    </ClCompile>
    <ClCompile Include="include\Root\shaders\ComputeShader.cpp">
      <Filter>Source Files</Filter>
    </ClCompile>
    <ClCompile Include="include\Root\shaders\Shader.cpp">
      <Filter>Source Files</Filter>
    </ClCompile>
    <ClCompile Include="include\Root\Logger.cpp">
      <Filter>Source Files</Filter>
    </ClCompile>
    <ClCompile Include="include\Root\Transform.cpp">
      <Filter>Source Files</Filter>
    </ClCompile>
    <ClCompile Include="include\Root\components\Component.cpp">
      <Filter>Source Files</Filter>
    </ClCompile>
    <ClCompile Include="include\Root\components\Script.cpp">
      <Filter>Source Files</Filter>
    </ClCompile>
    <ClCompile Include="include\Root\Root.cpp">
      <Filter>Source Files</Filter>
    </ClCompile>
    <ClCompile Include="include\Root\Time.cpp">
      <Filter>Source Files</Filter>
    </ClCompile>
    <ClCompile Include="src\ScriptLoader.cpp">
      <Filter>Source Files</Filter>
    </ClCompile>
    <ClCompile Include="src\scripts\MyScript.cpp">
      <Filter>Source Files</Filter>
    </ClCompile>
    <ClCompile Include="include\Root\rendering\SpriteRenderer.cpp">
      <Filter>Source Files</Filter>
    </ClCompile>
    <ClCompile Include="src\scripts\MyComponentScript.cpp">
      <Filter>Source Files</Filter>
    </ClCompile>
    <ClCompile Include="include\Root\rendering\Renderer.cpp">
      <Filter>Source Files</Filter>
    </ClCompile>
    <ClCompile Include="include\stbi_utility\TextureData.cpp">
      <Filter>Source Files</Filter>
    </ClCompile>
    <ClCompile Include="include\Root\rendering\Camera.cpp">
      <Filter>Source Files</Filter>
    </ClCompile>
    <ClCompile Include="include\Root\engine\RootEngine.cpp">
      <Filter>Source Files</Filter>
    </ClCompile>
    <ClCompile Include="include\Root\Input.cpp">
      <Filter>Source Files</Filter>
    </ClCompile>
    <ClCompile Include="include\Root\engine\InputEngine.cpp">
      <Filter>Source Files</Filter>
    </ClCompile>
    <ClCompile Include="include\Root\components\Collider.cpp">
      <Filter>Source Files</Filter>
    </ClCompile>
    <ClCompile Include="include\Root\Physics.cpp">
      <Filter>Source Files</Filter>
    </ClCompile>
    <ClCompile Include="include\Root\engine\PhysicsEngine.cpp">
      <Filter>Source Files</Filter>
    </ClCompile>
    <ClCompile Include="include\Root\components\Rigidbody.cpp">
      <Filter>Source Files</Filter>
    </ClCompile>
    <ClCompile Include="include\Root\components\Animator.cpp">
      <Filter>Source Files</Filter>
    </ClCompile>
    <ClCompile Include="include\Root\engine\TransformEngine.cpp">
      <Filter>Source Files</Filter>
    </ClCompile>
    <ClCompile Include="include\Root\engine\ComponentEngine.cpp">
      <Filter>Source Files</Filter>
    </ClCompile>
    <ClCompile Include="include\Root\components\ParticleSystem.cpp">
      <Filter>Source Files</Filter>
    </ClCompile>
    <ClCompile Include="Random.cpp">
      <Filter>Source Files</Filter>
    </ClCompile>
  </ItemGroup>
</Project>